
Microsoft Visual Studio Solution File, Format Version 12.00
# Visual Studio Version 17
VisualStudioVersion = 17.0.31612.314
MinimumVisualStudioVersion = 10.0.40219.1
Project("{9A19103F-16F7-4668-BE54-9A1E7A4F7556}") = "IIOT.Simulator", "IIOT.Simulator\IIOT.Simulator.csproj", "{8A90AC73-BE9E-4FCC-9A34-9EA440553269}"
EndProject
Project("{9A19103F-16F7-4668-BE54-9A1E7A4F7556}") = "IIOT.Simulator.Test", "IIOT.Simulator.Test\IIOT.Simulator.Test.csproj", "{4BFA97DC-278F-473D-AA82-55DABB127226}"
EndProject
Project("{9A19103F-16F7-4668-BE54-9A1E7A4F7556}") = "IIOT.API", "IIOT.API\IIOT.API.csproj", "{EA6CCB49-40BA-4EF6-8129-2BAD839F0194}"
EndProject
Project("{9A19103F-16F7-4668-BE54-9A1E7A4F7556}") = "IIOT.MessageBroker", "IIOT.MessageBroker\IIOT.MessageBroker.csproj", "{57AAEBF8-F42A-4ACB-83C7-1F03F685FBE6}"
EndProject
Project("{9A19103F-16F7-4668-BE54-9A1E7A4F7556}") = "IIOT.MessageConsumer.Data", "IIOT.MessageConsumer.Data\IIOT.MessageConsumer.Data.csproj", "{49129540-35AD-421A-820D-6A77E4D489E9}"
EndProject
Project("{9A19103F-16F7-4668-BE54-9A1E7A4F7556}") = "IIOT.MessageConsumer.Service", "IIOT.MessageConsumer.Service\IIOT.MessageConsumer.Service.csproj", "{0AEAFCCA-9EAE-4D5E-800D-18251647F31D}"
EndProject
Project("{9A19103F-16F7-4668-BE54-9A1E7A4F7556}") = "IIOT.MessageConsumer", "IIOT.MessageConsumer\IIOT.MessageConsumer.csproj", "{FD84C4E3-9DAA-4646-8ED3-288823FD7EE3}"
EndProject
Project("{E24C65DC-7377-472B-9ABA-BC803B73C61A}") = "IIOT.UI", "IIOT.UI\", "{43FB2311-1736-499D-AEB0-8F40E987C2DB}"
	ProjectSection(WebsiteProperties) = preProject
		TargetFrameworkMoniker = ".NETFramework,Version%3Dv4.0"
		Debug.AspNetCompiler.VirtualPath = "/localhost_32143"
		Debug.AspNetCompiler.PhysicalPath = "IIOT.UI\"
		Debug.AspNetCompiler.TargetPath = "PrecompiledWeb\localhost_32143\"
		Debug.AspNetCompiler.Updateable = "true"
		Debug.AspNetCompiler.ForceOverwrite = "true"
		Debug.AspNetCompiler.FixedNames = "false"
		Debug.AspNetCompiler.Debug = "True"
		Release.AspNetCompiler.VirtualPath = "/localhost_32143"
		Release.AspNetCompiler.PhysicalPath = "IIOT.UI\"
		Release.AspNetCompiler.TargetPath = "PrecompiledWeb\localhost_32143\"
		Release.AspNetCompiler.Updateable = "true"
		Release.AspNetCompiler.ForceOverwrite = "true"
		Release.AspNetCompiler.FixedNames = "false"
		Release.AspNetCompiler.Debug = "False"
		VWDPort = "32143"
		SlnRelativePath = "IIOT.UI\"
	EndProjectSection
EndProject
Project("{E53339B2-1760-4266-BCC7-CA923CBCF16C}") = "docker-compose", "docker-compose.dcproj", "{844C1BEB-FD00-4E5C-8179-C05A011B35F5}"
EndProject
Global
	GlobalSection(SolutionConfigurationPlatforms) = preSolution
		Debug|Any CPU = Debug|Any CPU
		Release|Any CPU = Release|Any CPU
	EndGlobalSection
	GlobalSection(ProjectConfigurationPlatforms) = postSolution
		{8A90AC73-BE9E-4FCC-9A34-9EA440553269}.Debug|Any CPU.ActiveCfg = Debug|Any CPU
		{8A90AC73-BE9E-4FCC-9A34-9EA440553269}.Debug|Any CPU.Build.0 = Debug|Any CPU
		{8A90AC73-BE9E-4FCC-9A34-9EA440553269}.Release|Any CPU.ActiveCfg = Release|Any CPU
		{8A90AC73-BE9E-4FCC-9A34-9EA440553269}.Release|Any CPU.Build.0 = Release|Any CPU
		{4BFA97DC-278F-473D-AA82-55DABB127226}.Debug|Any CPU.ActiveCfg = Debug|Any CPU
		{4BFA97DC-278F-473D-AA82-55DABB127226}.Debug|Any CPU.Build.0 = Debug|Any CPU
		{4BFA97DC-278F-473D-AA82-55DABB127226}.Release|Any CPU.ActiveCfg = Release|Any CPU
		{4BFA97DC-278F-473D-AA82-55DABB127226}.Release|Any CPU.Build.0 = Release|Any CPU
		{EA6CCB49-40BA-4EF6-8129-2BAD839F0194}.Debug|Any CPU.ActiveCfg = Debug|Any CPU
		{EA6CCB49-40BA-4EF6-8129-2BAD839F0194}.Debug|Any CPU.Build.0 = Debug|Any CPU
		{EA6CCB49-40BA-4EF6-8129-2BAD839F0194}.Release|Any CPU.ActiveCfg = Release|Any CPU
		{EA6CCB49-40BA-4EF6-8129-2BAD839F0194}.Release|Any CPU.Build.0 = Release|Any CPU
		{57AAEBF8-F42A-4ACB-83C7-1F03F685FBE6}.Debug|Any CPU.ActiveCfg = Debug|Any CPU
		{57AAEBF8-F42A-4ACB-83C7-1F03F685FBE6}.Debug|Any CPU.Build.0 = Debug|Any CPU
		{57AAEBF8-F42A-4ACB-83C7-1F03F685FBE6}.Release|Any CPU.ActiveCfg = Release|Any CPU
		{57AAEBF8-F42A-4ACB-83C7-1F03F685FBE6}.Release|Any CPU.Build.0 = Release|Any CPU
		{49129540-35AD-421A-820D-6A77E4D489E9}.Debug|Any CPU.ActiveCfg = Debug|Any CPU
		{49129540-35AD-421A-820D-6A77E4D489E9}.Debug|Any CPU.Build.0 = Debug|Any CPU
		{49129540-35AD-421A-820D-6A77E4D489E9}.Release|Any CPU.ActiveCfg = Release|Any CPU
		{49129540-35AD-421A-820D-6A77E4D489E9}.Release|Any CPU.Build.0 = Release|Any CPU
		{0AEAFCCA-9EAE-4D5E-800D-18251647F31D}.Debug|Any CPU.ActiveCfg = Debug|Any CPU
		{0AEAFCCA-9EAE-4D5E-800D-18251647F31D}.Debug|Any CPU.Build.0 = Debug|Any CPU
		{0AEAFCCA-9EAE-4D5E-800D-18251647F31D}.Release|Any CPU.ActiveCfg = Release|Any CPU
		{0AEAFCCA-9EAE-4D5E-800D-18251647F31D}.Release|Any CPU.Build.0 = Release|Any CPU
		{FD84C4E3-9DAA-4646-8ED3-288823FD7EE3}.Debug|Any CPU.ActiveCfg = Debug|Any CPU
		{FD84C4E3-9DAA-4646-8ED3-288823FD7EE3}.Debug|Any CPU.Build.0 = Debug|Any CPU
		{FD84C4E3-9DAA-4646-8ED3-288823FD7EE3}.Release|Any CPU.ActiveCfg = Release|Any CPU
		{FD84C4E3-9DAA-4646-8ED3-288823FD7EE3}.Release|Any CPU.Build.0 = Release|Any CPU
		{43FB2311-1736-499D-AEB0-8F40E987C2DB}.Debug|Any CPU.ActiveCfg = Debug|Any CPU
		{43FB2311-1736-499D-AEB0-8F40E987C2DB}.Debug|Any CPU.Build.0 = Debug|Any CPU
		{43FB2311-1736-499D-AEB0-8F40E987C2DB}.Release|Any CPU.ActiveCfg = Debug|Any CPU
		{43FB2311-1736-499D-AEB0-8F40E987C2DB}.Release|Any CPU.Build.0 = Debug|Any CPU
		{844C1BEB-FD00-4E5C-8179-C05A011B35F5}.Debug|Any CPU.ActiveCfg = Debug|Any CPU
		{844C1BEB-FD00-4E5C-8179-C05A011B35F5}.Debug|Any CPU.Build.0 = Debug|Any CPU
		{844C1BEB-FD00-4E5C-8179-C05A011B35F5}.Release|Any CPU.ActiveCfg = Release|Any CPU
		{844C1BEB-FD00-4E5C-8179-C05A011B35F5}.Release|Any CPU.Build.0 = Release|Any CPU
	EndGlobalSection
	GlobalSection(SolutionProperties) = preSolution
		HideSolutionNode = FALSE
	EndGlobalSection
	GlobalSection(ExtensibilityGlobals) = postSolution
		SolutionGuid = {6766E58C-E6FF-46DC-80DC-2F456F439473}
	EndGlobalSection
EndGlobal
